
Microsoft Visual Studio Solution File, Format Version 12.00
# Visual Studio 15
VisualStudioVersion = 15.0.26730.16
MinimumVisualStudioVersion = 10.0.40219.1
Project("{FAE04EC0-301F-11D3-BF4B-00C04F79EFBC}") = "CompassAds1", "CompassAds1\CompassAds1.csproj", "{21F9B69C-2E73-47BE-A0AC-3904FEC71FF8}"
EndProject
Global
	GlobalSection(SolutionConfigurationPlatforms) = preSolution
		Debug|Any CPU = Debug|Any CPU
		Release|Any CPU = Release|Any CPU
	EndGlobalSection
	GlobalSection(ProjectConfigurationPlatforms) = postSolution
		{21F9B69C-2E73-47BE-A0AC-3904FEC71FF8}.Debug|Any CPU.ActiveCfg = Debug|Any CPU
		{21F9B69C-2E73-47BE-A0AC-3904FEC71FF8}.Debug|Any CPU.Build.0 = Debug|Any CPU
		{21F9B69C-2E73-47BE-A0AC-3904FEC71FF8}.Release|Any CPU.ActiveCfg = Release|Any CPU
		{21F9B69C-2E73-47BE-A0AC-3904FEC71FF8}.Release|Any CPU.Build.0 = Release|Any CPU
	EndGlobalSection
	GlobalSection(SolutionProperties) = preSolution
		HideSolutionNode = FALSE
	EndGlobalSection
	GlobalSection(ExtensibilityGlobals) = postSolution
		SolutionGuid = {058E8C70-E9DB-43EA-980B-CDDD4AB0B6A0}
	EndGlobalSection
EndGlobal
